// !$*UTF8*$!
{
	archiveVersion = 1;
	classes = {
	};
	objectVersion = 56;
	objects = {

/* Begin PBXBuildFile section */
		840151632ADC26D30071EBF7 /* TabBarController.swift in Sources */ = {isa = PBXBuildFile; fileRef = 840151622ADC26D30071EBF7 /* TabBarController.swift */; };
		848144692AD9B82200304551 /* HistoryViewController.swift in Sources */ = {isa = PBXBuildFile; fileRef = 848144682AD9B82200304551 /* HistoryViewController.swift */; };
		8481446B2AD9B83B00304551 /* AccountViewController.swift in Sources */ = {isa = PBXBuildFile; fileRef = 8481446A2AD9B83B00304551 /* AccountViewController.swift */; };
		8481446D2AD9B84B00304551 /* SearchViewController.swift in Sources */ = {isa = PBXBuildFile; fileRef = 8481446C2AD9B84B00304551 /* SearchViewController.swift */; };
		84DD90E32AD8B3A5007C2FE3 /* AppDelegate.swift in Sources */ = {isa = PBXBuildFile; fileRef = 84DD90E22AD8B3A5007C2FE3 /* AppDelegate.swift */; };
		84DD90E52AD8B3A5007C2FE3 /* SceneDelegate.swift in Sources */ = {isa = PBXBuildFile; fileRef = 84DD90E42AD8B3A5007C2FE3 /* SceneDelegate.swift */; };
		84DD90E72AD8B3A5007C2FE3 /* HomeViewController.swift in Sources */ = {isa = PBXBuildFile; fileRef = 84DD90E62AD8B3A5007C2FE3 /* HomeViewController.swift */; };
		84DD90ED2AD8B3A5007C2FE3 /* movies.xcdatamodeld in Sources */ = {isa = PBXBuildFile; fileRef = 84DD90EB2AD8B3A5007C2FE3 /* movies.xcdatamodeld */; };
		84DD90EF2AD8B3A8007C2FE3 /* Assets.xcassets in Resources */ = {isa = PBXBuildFile; fileRef = 84DD90EE2AD8B3A8007C2FE3 /* Assets.xcassets */; };
		84DD90F22AD8B3A8007C2FE3 /* LaunchScreen.storyboard in Resources */ = {isa = PBXBuildFile; fileRef = 84DD90F02AD8B3A8007C2FE3 /* LaunchScreen.storyboard */; };
		84DD90FD2AD8B3A8007C2FE3 /* moviesTests.swift in Sources */ = {isa = PBXBuildFile; fileRef = 84DD90FC2AD8B3A8007C2FE3 /* moviesTests.swift */; };
		84DD91072AD8B3A8007C2FE3 /* moviesUITests.swift in Sources */ = {isa = PBXBuildFile; fileRef = 84DD91062AD8B3A8007C2FE3 /* moviesUITests.swift */; };
		84DD91092AD8B3A8007C2FE3 /* moviesUITestsLaunchTests.swift in Sources */ = {isa = PBXBuildFile; fileRef = 84DD91082AD8B3A8007C2FE3 /* moviesUITestsLaunchTests.swift */; };
/* End PBXBuildFile section */

/* Begin PBXContainerItemProxy section */
		84DD90F92AD8B3A8007C2FE3 /* PBXContainerItemProxy */ = {
			isa = PBXContainerItemProxy;
			containerPortal = 84DD90D72AD8B3A5007C2FE3 /* Project object */;
			proxyType = 1;
			remoteGlobalIDString = 84DD90DE2AD8B3A5007C2FE3;
			remoteInfo = movies;
		};
		84DD91032AD8B3A8007C2FE3 /* PBXContainerItemProxy */ = {
			isa = PBXContainerItemProxy;
			containerPortal = 84DD90D72AD8B3A5007C2FE3 /* Project object */;
			proxyType = 1;
			remoteGlobalIDString = 84DD90DE2AD8B3A5007C2FE3;
			remoteInfo = movies;
		};
/* End PBXContainerItemProxy section */

/* Begin PBXFileReference section */
		840151622ADC26D30071EBF7 /* TabBarController.swift */ = {isa = PBXFileReference; lastKnownFileType = sourcecode.swift; path = TabBarController.swift; sourceTree = "<group>"; };
		848144682AD9B82200304551 /* HistoryViewController.swift */ = {isa = PBXFileReference; lastKnownFileType = sourcecode.swift; path = HistoryViewController.swift; sourceTree = "<group>"; };
		8481446A2AD9B83B00304551 /* AccountViewController.swift */ = {isa = PBXFileReference; lastKnownFileType = sourcecode.swift; path = AccountViewController.swift; sourceTree = "<group>"; };
		8481446C2AD9B84B00304551 /* SearchViewController.swift */ = {isa = PBXFileReference; lastKnownFileType = sourcecode.swift; path = SearchViewController.swift; sourceTree = "<group>"; };
		84DD90DF2AD8B3A5007C2FE3 /* movies.app */ = {isa = PBXFileReference; explicitFileType = wrapper.application; includeInIndex = 0; path = movies.app; sourceTree = BUILT_PRODUCTS_DIR; };
		84DD90E22AD8B3A5007C2FE3 /* AppDelegate.swift */ = {isa = PBXFileReference; lastKnownFileType = sourcecode.swift; path = AppDelegate.swift; sourceTree = "<group>"; };
		84DD90E42AD8B3A5007C2FE3 /* SceneDelegate.swift */ = {isa = PBXFileReference; lastKnownFileType = sourcecode.swift; path = SceneDelegate.swift; sourceTree = "<group>"; };
		84DD90E62AD8B3A5007C2FE3 /* HomeViewController.swift */ = {isa = PBXFileReference; lastKnownFileType = sourcecode.swift; path = HomeViewController.swift; sourceTree = "<group>"; };
		84DD90EC2AD8B3A5007C2FE3 /* movies.xcdatamodel */ = {isa = PBXFileReference; lastKnownFileType = wrapper.xcdatamodel; path = movies.xcdatamodel; sourceTree = "<group>"; };
		84DD90EE2AD8B3A8007C2FE3 /* Assets.xcassets */ = {isa = PBXFileReference; lastKnownFileType = folder.assetcatalog; path = Assets.xcassets; sourceTree = "<group>"; };
		84DD90F12AD8B3A8007C2FE3 /* Base */ = {isa = PBXFileReference; lastKnownFileType = file.storyboard; name = Base; path = Base.lproj/LaunchScreen.storyboard; sourceTree = "<group>"; };
		84DD90F32AD8B3A8007C2FE3 /* Info.plist */ = {isa = PBXFileReference; lastKnownFileType = text.plist.xml; path = Info.plist; sourceTree = "<group>"; };
		84DD90F82AD8B3A8007C2FE3 /* moviesTests.xctest */ = {isa = PBXFileReference; explicitFileType = wrapper.cfbundle; includeInIndex = 0; path = moviesTests.xctest; sourceTree = BUILT_PRODUCTS_DIR; };
		84DD90FC2AD8B3A8007C2FE3 /* moviesTests.swift */ = {isa = PBXFileReference; lastKnownFileType = sourcecode.swift; path = moviesTests.swift; sourceTree = "<group>"; };
		84DD91022AD8B3A8007C2FE3 /* moviesUITests.xctest */ = {isa = PBXFileReference; explicitFileType = wrapper.cfbundle; includeInIndex = 0; path = moviesUITests.xctest; sourceTree = BUILT_PRODUCTS_DIR; };
		84DD91062AD8B3A8007C2FE3 /* moviesUITests.swift */ = {isa = PBXFileReference; lastKnownFileType = sourcecode.swift; path = moviesUITests.swift; sourceTree = "<group>"; };
		84DD91082AD8B3A8007C2FE3 /* moviesUITestsLaunchTests.swift */ = {isa = PBXFileReference; lastKnownFileType = sourcecode.swift; path = moviesUITestsLaunchTests.swift; sourceTree = "<group>"; };
/* End PBXFileReference section */

/* Begin PBXFrameworksBuildPhase section */
		84DD90DC2AD8B3A5007C2FE3 /* Frameworks */ = {
			isa = PBXFrameworksBuildPhase;
			buildActionMask = 2147483647;
			files = (
			);
			runOnlyForDeploymentPostprocessing = 0;
		};
		84DD90F52AD8B3A8007C2FE3 /* Frameworks */ = {
			isa = PBXFrameworksBuildPhase;
			buildActionMask = 2147483647;
			files = (
			);
			runOnlyForDeploymentPostprocessing = 0;
		};
		84DD90FF2AD8B3A8007C2FE3 /* Frameworks */ = {
			isa = PBXFrameworksBuildPhase;
			buildActionMask = 2147483647;
			files = (
			);
			runOnlyForDeploymentPostprocessing = 0;
		};
/* End PBXFrameworksBuildPhase section */

/* Begin PBXGroup section */
		84DD90D62AD8B3A5007C2FE3 = {
			isa = PBXGroup;
			children = (
				84DD90E12AD8B3A5007C2FE3 /* movies */,
				84DD90FB2AD8B3A8007C2FE3 /* moviesTests */,
				84DD91052AD8B3A8007C2FE3 /* moviesUITests */,
				84DD90E02AD8B3A5007C2FE3 /* Products */,
			);
			sourceTree = "<group>";
		};
		84DD90E02AD8B3A5007C2FE3 /* Products */ = {
			isa = PBXGroup;
			children = (
				84DD90DF2AD8B3A5007C2FE3 /* movies.app */,
				84DD90F82AD8B3A8007C2FE3 /* moviesTests.xctest */,
				84DD91022AD8B3A8007C2FE3 /* moviesUITests.xctest */,
			);
			name = Products;
			sourceTree = "<group>";
		};
		84DD90E12AD8B3A5007C2FE3 /* movies */ = {
			isa = PBXGroup;
			children = (
				84DD91162AD8B403007C2FE3 /* src */,
				84DD91152AD8B3DC007C2FE3 /* AppDelegate */,
				84DD90F32AD8B3A8007C2FE3 /* Info.plist */,
			);
			path = movies;
			sourceTree = "<group>";
		};
		84DD90FB2AD8B3A8007C2FE3 /* moviesTests */ = {
			isa = PBXGroup;
			children = (
				84DD90FC2AD8B3A8007C2FE3 /* moviesTests.swift */,
			);
			path = moviesTests;
			sourceTree = "<group>";
		};
		84DD91052AD8B3A8007C2FE3 /* moviesUITests */ = {
			isa = PBXGroup;
			children = (
				84DD91062AD8B3A8007C2FE3 /* moviesUITests.swift */,
				84DD91082AD8B3A8007C2FE3 /* moviesUITestsLaunchTests.swift */,
			);
			path = moviesUITests;
			sourceTree = "<group>";
		};
		84DD91152AD8B3DC007C2FE3 /* AppDelegate */ = {
			isa = PBXGroup;
			children = (
				84DD90E22AD8B3A5007C2FE3 /* AppDelegate.swift */,
				84DD90EE2AD8B3A8007C2FE3 /* Assets.xcassets */,
				84DD90F02AD8B3A8007C2FE3 /* LaunchScreen.storyboard */,
				84DD90EB2AD8B3A5007C2FE3 /* movies.xcdatamodeld */,
				84DD90E42AD8B3A5007C2FE3 /* SceneDelegate.swift */,
			);
			path = AppDelegate;
			sourceTree = "<group>";
		};
		84DD91162AD8B403007C2FE3 /* src */ = {
			isa = PBXGroup;
			children = (
				84DD90E62AD8B3A5007C2FE3 /* HomeViewController.swift */,
				848144682AD9B82200304551 /* HistoryViewController.swift */,
				8481446A2AD9B83B00304551 /* AccountViewController.swift */,
				8481446C2AD9B84B00304551 /* SearchViewController.swift */,
				840151622ADC26D30071EBF7 /* TabBarController.swift */,
			);
			path = src;
			sourceTree = "<group>";
		};
/* End PBXGroup section */

/* Begin PBXNativeTarget section */
		84DD90DE2AD8B3A5007C2FE3 /* movies */ = {
			isa = PBXNativeTarget;
			buildConfigurationList = 84DD910C2AD8B3A8007C2FE3 /* Build configuration list for PBXNativeTarget "movies" */;
			buildPhases = (
				84DD90DB2AD8B3A5007C2FE3 /* Sources */,
				84DD90DC2AD8B3A5007C2FE3 /* Frameworks */,
				84DD90DD2AD8B3A5007C2FE3 /* Resources */,
			);
			buildRules = (
			);
			dependencies = (
			);
			name = movies;
			productName = movies;
			productReference = 84DD90DF2AD8B3A5007C2FE3 /* movies.app */;
			productType = "com.apple.product-type.application";
		};
		84DD90F72AD8B3A8007C2FE3 /* moviesTests */ = {
			isa = PBXNativeTarget;
			buildConfigurationList = 84DD910F2AD8B3A8007C2FE3 /* Build configuration list for PBXNativeTarget "moviesTests" */;
			buildPhases = (
				84DD90F42AD8B3A8007C2FE3 /* Sources */,
				84DD90F52AD8B3A8007C2FE3 /* Frameworks */,
				84DD90F62AD8B3A8007C2FE3 /* Resources */,
			);
			buildRules = (
			);
			dependencies = (
				84DD90FA2AD8B3A8007C2FE3 /* PBXTargetDependency */,
			);
			name = moviesTests;
			productName = moviesTests;
			productReference = 84DD90F82AD8B3A8007C2FE3 /* moviesTests.xctest */;
			productType = "com.apple.product-type.bundle.unit-test";
		};
		84DD91012AD8B3A8007C2FE3 /* moviesUITests */ = {
			isa = PBXNativeTarget;
			buildConfigurationList = 84DD91122AD8B3A8007C2FE3 /* Build configuration list for PBXNativeTarget "moviesUITests" */;
			buildPhases = (
				84DD90FE2AD8B3A8007C2FE3 /* Sources */,
				84DD90FF2AD8B3A8007C2FE3 /* Frameworks */,
				84DD91002AD8B3A8007C2FE3 /* Resources */,
			);
			buildRules = (
			);
			dependencies = (
				84DD91042AD8B3A8007C2FE3 /* PBXTargetDependency */,
			);
			name = moviesUITests;
			productName = moviesUITests;
			productReference = 84DD91022AD8B3A8007C2FE3 /* moviesUITests.xctest */;
			productType = "com.apple.product-type.bundle.ui-testing";
		};
/* End PBXNativeTarget section */

/* Begin PBXProject section */
		84DD90D72AD8B3A5007C2FE3 /* Project object */ = {
			isa = PBXProject;
			attributes = {
				BuildIndependentTargetsInParallel = 1;
				LastSwiftUpdateCheck = 1430;
				LastUpgradeCheck = 1430;
				TargetAttributes = {
					84DD90DE2AD8B3A5007C2FE3 = {
						CreatedOnToolsVersion = 14.3.1;
					};
					84DD90F72AD8B3A8007C2FE3 = {
						CreatedOnToolsVersion = 14.3.1;
						TestTargetID = 84DD90DE2AD8B3A5007C2FE3;
					};
					84DD91012AD8B3A8007C2FE3 = {
						CreatedOnToolsVersion = 14.3.1;
						TestTargetID = 84DD90DE2AD8B3A5007C2FE3;
					};
				};
			};
			buildConfigurationList = 84DD90DA2AD8B3A5007C2FE3 /* Build configuration list for PBXProject "movies" */;
			compatibilityVersion = "Xcode 14.0";
			developmentRegion = en;
			hasScannedForEncodings = 0;
			knownRegions = (
				en,
				Base,
			);
			mainGroup = 84DD90D62AD8B3A5007C2FE3;
			productRefGroup = 84DD90E02AD8B3A5007C2FE3 /* Products */;
			projectDirPath = "";
			projectRoot = "";
			targets = (
				84DD90DE2AD8B3A5007C2FE3 /* movies */,
				84DD90F72AD8B3A8007C2FE3 /* moviesTests */,
				84DD91012AD8B3A8007C2FE3 /* moviesUITests */,
			);
		};
/* End PBXProject section */

/* Begin PBXResourcesBuildPhase section */
		84DD90DD2AD8B3A5007C2FE3 /* Resources */ = {
			isa = PBXResourcesBuildPhase;
			buildActionMask = 2147483647;
			files = (
				84DD90F22AD8B3A8007C2FE3 /* LaunchScreen.storyboard in Resources */,
				84DD90EF2AD8B3A8007C2FE3 /* Assets.xcassets in Resources */,
			);
			runOnlyForDeploymentPostprocessing = 0;
		};
		84DD90F62AD8B3A8007C2FE3 /* Resources */ = {
			isa = PBXResourcesBuildPhase;
			buildActionMask = 2147483647;
			files = (
			);
			runOnlyForDeploymentPostprocessing = 0;
		};
		84DD91002AD8B3A8007C2FE3 /* Resources */ = {
			isa = PBXResourcesBuildPhase;
			buildActionMask = 2147483647;
			files = (
			);
			runOnlyForDeploymentPostprocessing = 0;
		};
/* End PBXResourcesBuildPhase section */

/* Begin PBXSourcesBuildPhase section */
		84DD90DB2AD8B3A5007C2FE3 /* Sources */ = {
			isa = PBXSourcesBuildPhase;
			buildActionMask = 2147483647;
			files = (
				84DD90E72AD8B3A5007C2FE3 /* HomeViewController.swift in Sources */,
				840151632ADC26D30071EBF7 /* TabBarController.swift in Sources */,
				8481446D2AD9B84B00304551 /* SearchViewController.swift in Sources */,
				84DD90E32AD8B3A5007C2FE3 /* AppDelegate.swift in Sources */,
				8481446B2AD9B83B00304551 /* AccountViewController.swift in Sources */,
				84DD90ED2AD8B3A5007C2FE3 /* movies.xcdatamodeld in Sources */,
				848144692AD9B82200304551 /* HistoryViewController.swift in Sources */,
				84DD90E52AD8B3A5007C2FE3 /* SceneDelegate.swift in Sources */,
			);
			runOnlyForDeploymentPostprocessing = 0;
		};
		84DD90F42AD8B3A8007C2FE3 /* Sources */ = {
			isa = PBXSourcesBuildPhase;
			buildActionMask = 2147483647;
			files = (
				84DD90FD2AD8B3A8007C2FE3 /* moviesTests.swift in Sources */,
			);
			runOnlyForDeploymentPostprocessing = 0;
		};
		84DD90FE2AD8B3A8007C2FE3 /* Sources */ = {
			isa = PBXSourcesBuildPhase;
			buildActionMask = 2147483647;
			files = (
				84DD91072AD8B3A8007C2FE3 /* moviesUITests.swift in Sources */,
				84DD91092AD8B3A8007C2FE3 /* moviesUITestsLaunchTests.swift in Sources */,
			);
			runOnlyForDeploymentPostprocessing = 0;
		};
/* End PBXSourcesBuildPhase section */

/* Begin PBXTargetDependency section */
		84DD90FA2AD8B3A8007C2FE3 /* PBXTargetDependency */ = {
			isa = PBXTargetDependency;
			target = 84DD90DE2AD8B3A5007C2FE3 /* movies */;
			targetProxy = 84DD90F92AD8B3A8007C2FE3 /* PBXContainerItemProxy */;
		};
		84DD91042AD8B3A8007C2FE3 /* PBXTargetDependency */ = {
			isa = PBXTargetDependency;
			target = 84DD90DE2AD8B3A5007C2FE3 /* movies */;
			targetProxy = 84DD91032AD8B3A8007C2FE3 /* PBXContainerItemProxy */;
		};
/* End PBXTargetDependency section */

/* Begin PBXVariantGroup section */
		84DD90F02AD8B3A8007C2FE3 /* LaunchScreen.storyboard */ = {
			isa = PBXVariantGroup;
			children = (
				84DD90F12AD8B3A8007C2FE3 /* Base */,
			);
			name = LaunchScreen.storyboard;
			sourceTree = "<group>";
		};
/* End PBXVariantGroup section */

/* Begin XCBuildConfiguration section */
		84DD910A2AD8B3A8007C2FE3 /* Debug */ = {
			isa = XCBuildConfiguration;
			buildSettings = {
				ALWAYS_SEARCH_USER_PATHS = NO;
				CLANG_ANALYZER_NONNULL = YES;
				CLANG_ANALYZER_NUMBER_OBJECT_CONVERSION = YES_AGGRESSIVE;
				CLANG_CXX_LANGUAGE_STANDARD = "gnu++20";
				CLANG_ENABLE_MODULES = YES;
				CLANG_ENABLE_OBJC_ARC = YES;
				CLANG_ENABLE_OBJC_WEAK = YES;
				CLANG_WARN_BLOCK_CAPTURE_AUTORELEASING = YES;
				CLANG_WARN_BOOL_CONVERSION = YES;
				CLANG_WARN_COMMA = YES;
				CLANG_WARN_CONSTANT_CONVERSION = YES;
				CLANG_WARN_DEPRECATED_OBJC_IMPLEMENTATIONS = YES;
				CLANG_WARN_DIRECT_OBJC_ISA_USAGE = YES_ERROR;
				CLANG_WARN_DOCUMENTATION_COMMENTS = YES;
				CLANG_WARN_EMPTY_BODY = YES;
				CLANG_WARN_ENUM_CONVERSION = YES;
				CLANG_WARN_INFINITE_RECURSION = YES;
				CLANG_WARN_INT_CONVERSION = YES;
				CLANG_WARN_NON_LITERAL_NULL_CONVERSION = YES;
				CLANG_WARN_OBJC_IMPLICIT_RETAIN_SELF = YES;
				CLANG_WARN_OBJC_LITERAL_CONVERSION = YES;
				CLANG_WARN_OBJC_ROOT_CLASS = YES_ERROR;
				CLANG_WARN_QUOTED_INCLUDE_IN_FRAMEWORK_HEADER = YES;
				CLANG_WARN_RANGE_LOOP_ANALYSIS = YES;
				CLANG_WARN_STRICT_PROTOTYPES = YES;
				CLANG_WARN_SUSPICIOUS_MOVE = YES;
				CLANG_WARN_UNGUARDED_AVAILABILITY = YES_AGGRESSIVE;
				CLANG_WARN_UNREACHABLE_CODE = YES;
				CLANG_WARN__DUPLICATE_METHOD_MATCH = YES;
				COPY_PHASE_STRIP = NO;
				DEBUG_INFORMATION_FORMAT = dwarf;
				ENABLE_STRICT_OBJC_MSGSEND = YES;
				ENABLE_TESTABILITY = YES;
				GCC_C_LANGUAGE_STANDARD = gnu11;
				GCC_DYNAMIC_NO_PIC = NO;
				GCC_NO_COMMON_BLOCKS = YES;
				GCC_OPTIMIZATION_LEVEL = 0;
				GCC_PREPROCESSOR_DEFINITIONS = (
					"DEBUG=1",
					"$(inherited)",
				);
				GCC_WARN_64_TO_32_BIT_CONVERSION = YES;
				GCC_WARN_ABOUT_RETURN_TYPE = YES_ERROR;
				GCC_WARN_UNDECLARED_SELECTOR = YES;
				GCC_WARN_UNINITIALIZED_AUTOS = YES_AGGRESSIVE;
				GCC_WARN_UNUSED_FUNCTION = YES;
				GCC_WARN_UNUSED_VARIABLE = YES;
				IPHONEOS_DEPLOYMENT_TARGET = 13.0;
				MTL_ENABLE_DEBUG_INFO = INCLUDE_SOURCE;
				MTL_FAST_MATH = YES;
				ONLY_ACTIVE_ARCH = YES;
				SDKROOT = iphoneos;
				SWIFT_ACTIVE_COMPILATION_CONDITIONS = DEBUG;
				SWIFT_OPTIMIZATION_LEVEL = "-Onone";
			};
			name = Debug;
		};
		84DD910B2AD8B3A8007C2FE3 /* Release */ = {
			isa = XCBuildConfiguration;
			buildSettings = {
				ALWAYS_SEARCH_USER_PATHS = NO;
				CLANG_ANALYZER_NONNULL = YES;
				CLANG_ANALYZER_NUMBER_OBJECT_CONVERSION = YES_AGGRESSIVE;
				CLANG_CXX_LANGUAGE_STANDARD = "gnu++20";
				CLANG_ENABLE_MODULES = YES;
				CLANG_ENABLE_OBJC_ARC = YES;
				CLANG_ENABLE_OBJC_WEAK = YES;
				CLANG_WARN_BLOCK_CAPTURE_AUTORELEASING = YES;
				CLANG_WARN_BOOL_CONVERSION = YES;
				CLANG_WARN_COMMA = YES;
				CLANG_WARN_CONSTANT_CONVERSION = YES;
				CLANG_WARN_DEPRECATED_OBJC_IMPLEMENTATIONS = YES;
				CLANG_WARN_DIRECT_OBJC_ISA_USAGE = YES_ERROR;
				CLANG_WARN_DOCUMENTATION_COMMENTS = YES;
				CLANG_WARN_EMPTY_BODY = YES;
				CLANG_WARN_ENUM_CONVERSION = YES;
				CLANG_WARN_INFINITE_RECURSION = YES;
				CLANG_WARN_INT_CONVERSION = YES;
				CLANG_WARN_NON_LITERAL_NULL_CONVERSION = YES;
				CLANG_WARN_OBJC_IMPLICIT_RETAIN_SELF = YES;
				CLANG_WARN_OBJC_LITERAL_CONVERSION = YES;
				CLANG_WARN_OBJC_ROOT_CLASS = YES_ERROR;
				CLANG_WARN_QUOTED_INCLUDE_IN_FRAMEWORK_HEADER = YES;
				CLANG_WARN_RANGE_LOOP_ANALYSIS = YES;
				CLANG_WARN_STRICT_PROTOTYPES = YES;
				CLANG_WARN_SUSPICIOUS_MOVE = YES;
				CLANG_WARN_UNGUARDED_AVAILABILITY = YES_AGGRESSIVE;
				CLANG_WARN_UNREACHABLE_CODE = YES;
				CLANG_WARN__DUPLICATE_METHOD_MATCH = YES;
				COPY_PHASE_STRIP = NO;
				DEBUG_INFORMATION_FORMAT = "dwarf-with-dsym";
				ENABLE_NS_ASSERTIONS = NO;
				ENABLE_STRICT_OBJC_MSGSEND = YES;
				GCC_C_LANGUAGE_STANDARD = gnu11;
				GCC_NO_COMMON_BLOCKS = YES;
				GCC_WARN_64_TO_32_BIT_CONVERSION = YES;
				GCC_WARN_ABOUT_RETURN_TYPE = YES_ERROR;
				GCC_WARN_UNDECLARED_SELECTOR = YES;
				GCC_WARN_UNINITIALIZED_AUTOS = YES_AGGRESSIVE;
				GCC_WARN_UNUSED_FUNCTION = YES;
				GCC_WARN_UNUSED_VARIABLE = YES;
				IPHONEOS_DEPLOYMENT_TARGET = 13.0;
				MTL_ENABLE_DEBUG_INFO = NO;
				MTL_FAST_MATH = YES;
				SDKROOT = iphoneos;
				SWIFT_COMPILATION_MODE = wholemodule;
				SWIFT_OPTIMIZATION_LEVEL = "-O";
				VALIDATE_PRODUCT = YES;
			};
			name = Release;
		};
		84DD910D2AD8B3A8007C2FE3 /* Debug */ = {
			isa = XCBuildConfiguration;
			buildSettings = {
				ASSETCATALOG_COMPILER_APPICON_NAME = AppIcon;
				ASSETCATALOG_COMPILER_GLOBAL_ACCENT_COLOR_NAME = AccentColor;
				CODE_SIGN_STYLE = Automatic;
				CURRENT_PROJECT_VERSION = 1;
				DEVELOPMENT_TEAM = L6J98N24BF;
				GENERATE_INFOPLIST_FILE = YES;
				INFOPLIST_FILE = movies/Info.plist;
				INFOPLIST_KEY_CFBundleDisplayName = Movie;
				INFOPLIST_KEY_UIApplicationSupportsIndirectInputEvents = YES;
				INFOPLIST_KEY_UILaunchStoryboardName = LaunchScreen;
				INFOPLIST_KEY_UISupportedInterfaceOrientations = UIInterfaceOrientationPortrait;
				IPHONEOS_DEPLOYMENT_TARGET = 13.0;
				LD_RUNPATH_SEARCH_PATHS = (
					"$(inherited)",
					"@executable_path/Frameworks",
				);
				MARKETING_VERSION = 1.0;
				PRODUCT_BUNDLE_IDENTIFIER = ignacio.movies;
				PRODUCT_NAME = "$(TARGET_NAME)";
				SWIFT_EMIT_LOC_STRINGS = YES;
				SWIFT_VERSION = 5.0;
				TARGETED_DEVICE_FAMILY = "1,2";
			};
			name = Debug;
		};
		84DD910E2AD8B3A8007C2FE3 /* Release */ = {
			isa = XCBuildConfiguration;
			buildSettings = {
				ASSETCATALOG_COMPILER_APPICON_NAME = AppIcon;
				ASSETCATALOG_COMPILER_GLOBAL_ACCENT_COLOR_NAME = AccentColor;
				CODE_SIGN_STYLE = Automatic;
				CURRENT_PROJECT_VERSION = 1;
				DEVELOPMENT_TEAM = L6J98N24BF;
				GENERATE_INFOPLIST_FILE = YES;
				INFOPLIST_FILE = movies/Info.plist;
				INFOPLIST_KEY_CFBundleDisplayName = Movie;
				INFOPLIST_KEY_UIApplicationSupportsIndirectInputEvents = YES;
				INFOPLIST_KEY_UILaunchStoryboardName = LaunchScreen;
				INFOPLIST_KEY_UISupportedInterfaceOrientations = UIInterfaceOrientationPortrait;
				IPHONEOS_DEPLOYMENT_TARGET = 13.0;
				LD_RUNPATH_SEARCH_PATHS = (
					"$(inherited)",
					"@executable_path/Frameworks",
				);
				MARKETING_VERSION = 1.0;
				PRODUCT_BUNDLE_IDENTIFIER = ignacio.movies;
				PRODUCT_NAME = "$(TARGET_NAME)";
				SWIFT_EMIT_LOC_STRINGS = YES;
				SWIFT_VERSION = 5.0;
				TARGETED_DEVICE_FAMILY = "1,2";
			};
			name = Release;
		};
		84DD91102AD8B3A8007C2FE3 /* Debug */ = {
			isa = XCBuildConfiguration;
			buildSettings = {
				ALWAYS_EMBED_SWIFT_STANDARD_LIBRARIES = YES;
				BUNDLE_LOADER = "$(TEST_HOST)";
				CODE_SIGN_STYLE = Automatic;
				CURRENT_PROJECT_VERSION = 1;
				DEVELOPMENT_TEAM = L6J98N24BF;
				GENERATE_INFOPLIST_FILE = YES;
				IPHONEOS_DEPLOYMENT_TARGET = 16.4;
				MARKETING_VERSION = 1.0;
				PRODUCT_BUNDLE_IDENTIFIER = ignacio.moviesTests;
				PRODUCT_NAME = "$(TARGET_NAME)";
				SWIFT_EMIT_LOC_STRINGS = NO;
				SWIFT_VERSION = 5.0;
				TARGETED_DEVICE_FAMILY = "1,2";
				TEST_HOST = "$(BUILT_PRODUCTS_DIR)/movies.app/$(BUNDLE_EXECUTABLE_FOLDER_PATH)/movies";
			};
			name = Debug;
		};
		84DD91112AD8B3A8007C2FE3 /* Release */ = {
			isa = XCBuildConfiguration;
			buildSettings = {
				ALWAYS_EMBED_SWIFT_STANDARD_LIBRARIES = YES;
				BUNDLE_LOADER = "$(TEST_HOST)";
				CODE_SIGN_STYLE = Automatic;
				CURRENT_PROJECT_VERSION = 1;
				DEVELOPMENT_TEAM = L6J98N24BF;
				GENERATE_INFOPLIST_FILE = YES;
				IPHONEOS_DEPLOYMENT_TARGET = 16.4;
				MARKETING_VERSION = 1.0;
				PRODUCT_BUNDLE_IDENTIFIER = ignacio.moviesTests;
				PRODUCT_NAME = "$(TARGET_NAME)";
				SWIFT_EMIT_LOC_STRINGS = NO;
				SWIFT_VERSION = 5.0;
				TARGETED_DEVICE_FAMILY = "1,2";
				TEST_HOST = "$(BUILT_PRODUCTS_DIR)/movies.app/$(BUNDLE_EXECUTABLE_FOLDER_PATH)/movies";
			};
			name = Release;
		};
		84DD91132AD8B3A8007C2FE3 /* Debug */ = {
			isa = XCBuildConfiguration;
			buildSettings = {
				ALWAYS_EMBED_SWIFT_STANDARD_LIBRARIES = YES;
				CODE_SIGN_STYLE = Automatic;
				CURRENT_PROJECT_VERSION = 1;
				DEVELOPMENT_TEAM = L6J98N24BF;
				GENERATE_INFOPLIST_FILE = YES;
				MARKETING_VERSION = 1.0;
				PRODUCT_BUNDLE_IDENTIFIER = ignacio.moviesUITests;
				PRODUCT_NAME = "$(TARGET_NAME)";
				SWIFT_EMIT_LOC_STRINGS = NO;
				SWIFT_VERSION = 5.0;
				TARGETED_DEVICE_FAMILY = "1,2";
				TEST_TARGET_NAME = movies;
			};
			name = Debug;
		};
		84DD91142AD8B3A8007C2FE3 /* Release */ = {
			isa = XCBuildConfiguration;
			buildSettings = {
				ALWAYS_EMBED_SWIFT_STANDARD_LIBRARIES = YES;
				CODE_SIGN_STYLE = Automatic;
				CURRENT_PROJECT_VERSION = 1;
				DEVELOPMENT_TEAM = L6J98N24BF;
				GENERATE_INFOPLIST_FILE = YES;
				MARKETING_VERSION = 1.0;
				PRODUCT_BUNDLE_IDENTIFIER = ignacio.moviesUITests;
				PRODUCT_NAME = "$(TARGET_NAME)";
				SWIFT_EMIT_LOC_STRINGS = NO;
				SWIFT_VERSION = 5.0;
				TARGETED_DEVICE_FAMILY = "1,2";
				TEST_TARGET_NAME = movies;
			};
			name = Release;
		};
/* End XCBuildConfiguration section */

/* Begin XCConfigurationList section */
		84DD90DA2AD8B3A5007C2FE3 /* Build configuration list for PBXProject "movies" */ = {
			isa = XCConfigurationList;
			buildConfigurations = (
				84DD910A2AD8B3A8007C2FE3 /* Debug */,
				84DD910B2AD8B3A8007C2FE3 /* Release */,
			);
			defaultConfigurationIsVisible = 0;
			defaultConfigurationName = Release;
		};
		84DD910C2AD8B3A8007C2FE3 /* Build configuration list for PBXNativeTarget "movies" */ = {
			isa = XCConfigurationList;
			buildConfigurations = (
				84DD910D2AD8B3A8007C2FE3 /* Debug */,
				84DD910E2AD8B3A8007C2FE3 /* Release */,
			);
			defaultConfigurationIsVisible = 0;
			defaultConfigurationName = Release;
		};
		84DD910F2AD8B3A8007C2FE3 /* Build configuration list for PBXNativeTarget "moviesTests" */ = {
			isa = XCConfigurationList;
			buildConfigurations = (
				84DD91102AD8B3A8007C2FE3 /* Debug */,
				84DD91112AD8B3A8007C2FE3 /* Release */,
			);
			defaultConfigurationIsVisible = 0;
			defaultConfigurationName = Release;
		};
		84DD91122AD8B3A8007C2FE3 /* Build configuration list for PBXNativeTarget "moviesUITests" */ = {
			isa = XCConfigurationList;
			buildConfigurations = (
				84DD91132AD8B3A8007C2FE3 /* Debug */,
				84DD91142AD8B3A8007C2FE3 /* Release */,
			);
			defaultConfigurationIsVisible = 0;
			defaultConfigurationName = Release;
		};
/* End XCConfigurationList section */

/* Begin XCVersionGroup section */
		84DD90EB2AD8B3A5007C2FE3 /* movies.xcdatamodeld */ = {
			isa = XCVersionGroup;
			children = (
				84DD90EC2AD8B3A5007C2FE3 /* movies.xcdatamodel */,
			);
			currentVersion = 84DD90EC2AD8B3A5007C2FE3 /* movies.xcdatamodel */;
			path = movies.xcdatamodeld;
			sourceTree = "<group>";
			versionGroupType = wrapper.xcdatamodel;
		};
/* End XCVersionGroup section */
	};
	rootObject = 84DD90D72AD8B3A5007C2FE3 /* Project object */;
}
