// !$*UTF8*$!
{
	archiveVersion = 1;
	classes = {
	};
	objectVersion = 56;
	objects = {

/* Begin PBXBuildFile section */
		841AC49C2A86AD83005A03D8 /* ViewController_question.swift in Sources */ = {isa = PBXBuildFile; fileRef = 841AC49B2A86AD83005A03D8 /* ViewController_question.swift */; };
		841AC49E2A86C317005A03D8 /* Question.swift in Sources */ = {isa = PBXBuildFile; fileRef = 841AC49D2A86C317005A03D8 /* Question.swift */; };
		841AC4A02A86D9FC005A03D8 /* ViewController_finish.swift in Sources */ = {isa = PBXBuildFile; fileRef = 841AC49F2A86D9FC005A03D8 /* ViewController_finish.swift */; };
		84EB16BE2A8561B4004276EA /* AppDelegate.swift in Sources */ = {isa = PBXBuildFile; fileRef = 84EB16BD2A8561B4004276EA /* AppDelegate.swift */; };
		84EB16C02A8561B4004276EA /* SceneDelegate.swift in Sources */ = {isa = PBXBuildFile; fileRef = 84EB16BF2A8561B4004276EA /* SceneDelegate.swift */; };
		84EB16C22A8561B4004276EA /* ViewController.swift in Sources */ = {isa = PBXBuildFile; fileRef = 84EB16C12A8561B4004276EA /* ViewController.swift */; };
		84EB16C52A8561B4004276EA /* Main.storyboard in Resources */ = {isa = PBXBuildFile; fileRef = 84EB16C32A8561B4004276EA /* Main.storyboard */; };
		84EB16C72A8561B5004276EA /* Assets.xcassets in Resources */ = {isa = PBXBuildFile; fileRef = 84EB16C62A8561B5004276EA /* Assets.xcassets */; };
		84EB16CA2A8561B5004276EA /* LaunchScreen.storyboard in Resources */ = {isa = PBXBuildFile; fileRef = 84EB16C82A8561B5004276EA /* LaunchScreen.storyboard */; };
/* End PBXBuildFile section */

/* Begin PBXFileReference section */
		841AC49B2A86AD83005A03D8 /* ViewController_question.swift */ = {isa = PBXFileReference; lastKnownFileType = sourcecode.swift; path = ViewController_question.swift; sourceTree = "<group>"; };
		841AC49D2A86C317005A03D8 /* Question.swift */ = {isa = PBXFileReference; lastKnownFileType = sourcecode.swift; path = Question.swift; sourceTree = "<group>"; };
		841AC49F2A86D9FC005A03D8 /* ViewController_finish.swift */ = {isa = PBXFileReference; lastKnownFileType = sourcecode.swift; path = ViewController_finish.swift; sourceTree = "<group>"; };
		84EB16BA2A8561B4004276EA /* quiz.app */ = {isa = PBXFileReference; explicitFileType = wrapper.application; includeInIndex = 0; path = quiz.app; sourceTree = BUILT_PRODUCTS_DIR; };
		84EB16BD2A8561B4004276EA /* AppDelegate.swift */ = {isa = PBXFileReference; lastKnownFileType = sourcecode.swift; path = AppDelegate.swift; sourceTree = "<group>"; };
		84EB16BF2A8561B4004276EA /* SceneDelegate.swift */ = {isa = PBXFileReference; lastKnownFileType = sourcecode.swift; path = SceneDelegate.swift; sourceTree = "<group>"; };
		84EB16C12A8561B4004276EA /* ViewController.swift */ = {isa = PBXFileReference; lastKnownFileType = sourcecode.swift; path = ViewController.swift; sourceTree = "<group>"; };
		84EB16C42A8561B4004276EA /* Base */ = {isa = PBXFileReference; lastKnownFileType = file.storyboard; name = Base; path = Base.lproj/Main.storyboard; sourceTree = "<group>"; };
		84EB16C62A8561B5004276EA /* Assets.xcassets */ = {isa = PBXFileReference; lastKnownFileType = folder.assetcatalog; path = Assets.xcassets; sourceTree = "<group>"; };
		84EB16C92A8561B5004276EA /* Base */ = {isa = PBXFileReference; lastKnownFileType = file.storyboard; name = Base; path = Base.lproj/LaunchScreen.storyboard; sourceTree = "<group>"; };
		84EB16CB2A8561B5004276EA /* Info.plist */ = {isa = PBXFileReference; lastKnownFileType = text.plist.xml; path = Info.plist; sourceTree = "<group>"; };
/* End PBXFileReference section */

/* Begin PBXFrameworksBuildPhase section */
		84EB16B72A8561B4004276EA /* Frameworks */ = {
			isa = PBXFrameworksBuildPhase;
			buildActionMask = 2147483647;
			files = (
			);
			runOnlyForDeploymentPostprocessing = 0;
		};
/* End PBXFrameworksBuildPhase section */

/* Begin PBXGroup section */
		84C9E3D32A888A7F00F97953 /* ViewController */ = {
			isa = PBXGroup;
			children = (
				841AC49F2A86D9FC005A03D8 /* ViewController_finish.swift */,
				841AC49B2A86AD83005A03D8 /* ViewController_question.swift */,
				84EB16C12A8561B4004276EA /* ViewController.swift */,
			);
			path = ViewController;
			sourceTree = "<group>";
		};
		84C9E3D42A888AA300F97953 /* Model */ = {
			isa = PBXGroup;
			children = (
				841AC49D2A86C317005A03D8 /* Question.swift */,
			);
			path = Model;
			sourceTree = "<group>";
		};
		84EB16B12A8561B3004276EA = {
			isa = PBXGroup;
			children = (
				84EB16BC2A8561B4004276EA /* quiz */,
				84EB16BB2A8561B4004276EA /* Products */,
			);
			sourceTree = "<group>";
		};
		84EB16BB2A8561B4004276EA /* Products */ = {
			isa = PBXGroup;
			children = (
				84EB16BA2A8561B4004276EA /* quiz.app */,
			);
			name = Products;
			sourceTree = "<group>";
		};
		84EB16BC2A8561B4004276EA /* quiz */ = {
			isa = PBXGroup;
			children = (
				84C9E3D42A888AA300F97953 /* Model */,
				84C9E3D32A888A7F00F97953 /* ViewController */,
				84EB16BD2A8561B4004276EA /* AppDelegate.swift */,
				84EB16BF2A8561B4004276EA /* SceneDelegate.swift */,
				84EB16C32A8561B4004276EA /* Main.storyboard */,
				84EB16C62A8561B5004276EA /* Assets.xcassets */,
				84EB16C82A8561B5004276EA /* LaunchScreen.storyboard */,
				84EB16CB2A8561B5004276EA /* Info.plist */,
			);
			path = quiz;
			sourceTree = "<group>";
		};
/* End PBXGroup section */

/* Begin PBXNativeTarget section */
		84EB16B92A8561B4004276EA /* quiz */ = {
			isa = PBXNativeTarget;
			buildConfigurationList = 84EB16CE2A8561B5004276EA /* Build configuration list for PBXNativeTarget "quiz" */;
			buildPhases = (
				84EB16B62A8561B4004276EA /* Sources */,
				84EB16B72A8561B4004276EA /* Frameworks */,
				84EB16B82A8561B4004276EA /* Resources */,
			);
			buildRules = (
			);
			dependencies = (
			);
			name = quiz;
			productName = quiz;
			productReference = 84EB16BA2A8561B4004276EA /* quiz.app */;
			productType = "com.apple.product-type.application";
		};
/* End PBXNativeTarget section */

/* Begin PBXProject section */
		84EB16B22A8561B3004276EA /* Project object */ = {
			isa = PBXProject;
			attributes = {
				BuildIndependentTargetsInParallel = 1;
				LastSwiftUpdateCheck = 1430;
				LastUpgradeCheck = 1430;
				TargetAttributes = {
					84EB16B92A8561B4004276EA = {
						CreatedOnToolsVersion = 14.3.1;
					};
				};
			};
			buildConfigurationList = 84EB16B52A8561B3004276EA /* Build configuration list for PBXProject "quiz" */;
			compatibilityVersion = "Xcode 14.0";
			developmentRegion = en;
			hasScannedForEncodings = 0;
			knownRegions = (
				en,
				Base,
			);
			mainGroup = 84EB16B12A8561B3004276EA;
			productRefGroup = 84EB16BB2A8561B4004276EA /* Products */;
			projectDirPath = "";
			projectRoot = "";
			targets = (
				84EB16B92A8561B4004276EA /* quiz */,
			);
		};
/* End PBXProject section */

/* Begin PBXResourcesBuildPhase section */
		84EB16B82A8561B4004276EA /* Resources */ = {
			isa = PBXResourcesBuildPhase;
			buildActionMask = 2147483647;
			files = (
				84EB16CA2A8561B5004276EA /* LaunchScreen.storyboard in Resources */,
				84EB16C72A8561B5004276EA /* Assets.xcassets in Resources */,
				84EB16C52A8561B4004276EA /* Main.storyboard in Resources */,
			);
			runOnlyForDeploymentPostprocessing = 0;
		};
/* End PBXResourcesBuildPhase section */

/* Begin PBXSourcesBuildPhase section */
		84EB16B62A8561B4004276EA /* Sources */ = {
			isa = PBXSourcesBuildPhase;
			buildActionMask = 2147483647;
			files = (
				841AC49E2A86C317005A03D8 /* Question.swift in Sources */,
				841AC4A02A86D9FC005A03D8 /* ViewController_finish.swift in Sources */,
				84EB16C22A8561B4004276EA /* ViewController.swift in Sources */,
				84EB16BE2A8561B4004276EA /* AppDelegate.swift in Sources */,
				841AC49C2A86AD83005A03D8 /* ViewController_question.swift in Sources */,
				84EB16C02A8561B4004276EA /* SceneDelegate.swift in Sources */,
			);
			runOnlyForDeploymentPostprocessing = 0;
		};
/* End PBXSourcesBuildPhase section */

/* Begin PBXVariantGroup section */
		84EB16C32A8561B4004276EA /* Main.storyboard */ = {
			isa = PBXVariantGroup;
			children = (
				84EB16C42A8561B4004276EA /* Base */,
			);
			name = Main.storyboard;
			sourceTree = "<group>";
		};
		84EB16C82A8561B5004276EA /* LaunchScreen.storyboard */ = {
			isa = PBXVariantGroup;
			children = (
				84EB16C92A8561B5004276EA /* Base */,
			);
			name = LaunchScreen.storyboard;
			sourceTree = "<group>";
		};
/* End PBXVariantGroup section */

/* Begin XCBuildConfiguration section */
		84EB16CC2A8561B5004276EA /* Debug */ = {
			isa = XCBuildConfiguration;
			buildSettings = {
				ALWAYS_SEARCH_USER_PATHS = NO;
				CLANG_ANALYZER_NONNULL = YES;
				CLANG_ANALYZER_NUMBER_OBJECT_CONVERSION = YES_AGGRESSIVE;
				CLANG_CXX_LANGUAGE_STANDARD = "gnu++20";
				CLANG_ENABLE_MODULES = YES;
				CLANG_ENABLE_OBJC_ARC = YES;
				CLANG_ENABLE_OBJC_WEAK = YES;
				CLANG_WARN_BLOCK_CAPTURE_AUTORELEASING = YES;
				CLANG_WARN_BOOL_CONVERSION = YES;
				CLANG_WARN_COMMA = YES;
				CLANG_WARN_CONSTANT_CONVERSION = YES;
				CLANG_WARN_DEPRECATED_OBJC_IMPLEMENTATIONS = YES;
				CLANG_WARN_DIRECT_OBJC_ISA_USAGE = YES_ERROR;
				CLANG_WARN_DOCUMENTATION_COMMENTS = YES;
				CLANG_WARN_EMPTY_BODY = YES;
				CLANG_WARN_ENUM_CONVERSION = YES;
				CLANG_WARN_INFINITE_RECURSION = YES;
				CLANG_WARN_INT_CONVERSION = YES;
				CLANG_WARN_NON_LITERAL_NULL_CONVERSION = YES;
				CLANG_WARN_OBJC_IMPLICIT_RETAIN_SELF = YES;
				CLANG_WARN_OBJC_LITERAL_CONVERSION = YES;
				CLANG_WARN_OBJC_ROOT_CLASS = YES_ERROR;
				CLANG_WARN_QUOTED_INCLUDE_IN_FRAMEWORK_HEADER = YES;
				CLANG_WARN_RANGE_LOOP_ANALYSIS = YES;
				CLANG_WARN_STRICT_PROTOTYPES = YES;
				CLANG_WARN_SUSPICIOUS_MOVE = YES;
				CLANG_WARN_UNGUARDED_AVAILABILITY = YES_AGGRESSIVE;
				CLANG_WARN_UNREACHABLE_CODE = YES;
				CLANG_WARN__DUPLICATE_METHOD_MATCH = YES;
				COPY_PHASE_STRIP = NO;
				DEBUG_INFORMATION_FORMAT = dwarf;
				ENABLE_STRICT_OBJC_MSGSEND = YES;
				ENABLE_TESTABILITY = YES;
				GCC_C_LANGUAGE_STANDARD = gnu11;
				GCC_DYNAMIC_NO_PIC = NO;
				GCC_NO_COMMON_BLOCKS = YES;
				GCC_OPTIMIZATION_LEVEL = 0;
				GCC_PREPROCESSOR_DEFINITIONS = (
					"DEBUG=1",
					"$(inherited)",
				);
				GCC_WARN_64_TO_32_BIT_CONVERSION = YES;
				GCC_WARN_ABOUT_RETURN_TYPE = YES_ERROR;
				GCC_WARN_UNDECLARED_SELECTOR = YES;
				GCC_WARN_UNINITIALIZED_AUTOS = YES_AGGRESSIVE;
				GCC_WARN_UNUSED_FUNCTION = YES;
				GCC_WARN_UNUSED_VARIABLE = YES;
				IPHONEOS_DEPLOYMENT_TARGET = 16.4;
				MTL_ENABLE_DEBUG_INFO = INCLUDE_SOURCE;
				MTL_FAST_MATH = YES;
				ONLY_ACTIVE_ARCH = YES;
				SDKROOT = iphoneos;
				SWIFT_ACTIVE_COMPILATION_CONDITIONS = DEBUG;
				SWIFT_OPTIMIZATION_LEVEL = "-Onone";
			};
			name = Debug;
		};
		84EB16CD2A8561B5004276EA /* Release */ = {
			isa = XCBuildConfiguration;
			buildSettings = {
				ALWAYS_SEARCH_USER_PATHS = NO;
				CLANG_ANALYZER_NONNULL = YES;
				CLANG_ANALYZER_NUMBER_OBJECT_CONVERSION = YES_AGGRESSIVE;
				CLANG_CXX_LANGUAGE_STANDARD = "gnu++20";
				CLANG_ENABLE_MODULES = YES;
				CLANG_ENABLE_OBJC_ARC = YES;
				CLANG_ENABLE_OBJC_WEAK = YES;
				CLANG_WARN_BLOCK_CAPTURE_AUTORELEASING = YES;
				CLANG_WARN_BOOL_CONVERSION = YES;
				CLANG_WARN_COMMA = YES;
				CLANG_WARN_CONSTANT_CONVERSION = YES;
				CLANG_WARN_DEPRECATED_OBJC_IMPLEMENTATIONS = YES;
				CLANG_WARN_DIRECT_OBJC_ISA_USAGE = YES_ERROR;
				CLANG_WARN_DOCUMENTATION_COMMENTS = YES;
				CLANG_WARN_EMPTY_BODY = YES;
				CLANG_WARN_ENUM_CONVERSION = YES;
				CLANG_WARN_INFINITE_RECURSION = YES;
				CLANG_WARN_INT_CONVERSION = YES;
				CLANG_WARN_NON_LITERAL_NULL_CONVERSION = YES;
				CLANG_WARN_OBJC_IMPLICIT_RETAIN_SELF = YES;
				CLANG_WARN_OBJC_LITERAL_CONVERSION = YES;
				CLANG_WARN_OBJC_ROOT_CLASS = YES_ERROR;
				CLANG_WARN_QUOTED_INCLUDE_IN_FRAMEWORK_HEADER = YES;
				CLANG_WARN_RANGE_LOOP_ANALYSIS = YES;
				CLANG_WARN_STRICT_PROTOTYPES = YES;
				CLANG_WARN_SUSPICIOUS_MOVE = YES;
				CLANG_WARN_UNGUARDED_AVAILABILITY = YES_AGGRESSIVE;
				CLANG_WARN_UNREACHABLE_CODE = YES;
				CLANG_WARN__DUPLICATE_METHOD_MATCH = YES;
				COPY_PHASE_STRIP = NO;
				DEBUG_INFORMATION_FORMAT = "dwarf-with-dsym";
				ENABLE_NS_ASSERTIONS = NO;
				ENABLE_STRICT_OBJC_MSGSEND = YES;
				GCC_C_LANGUAGE_STANDARD = gnu11;
				GCC_NO_COMMON_BLOCKS = YES;
				GCC_WARN_64_TO_32_BIT_CONVERSION = YES;
				GCC_WARN_ABOUT_RETURN_TYPE = YES_ERROR;
				GCC_WARN_UNDECLARED_SELECTOR = YES;
				GCC_WARN_UNINITIALIZED_AUTOS = YES_AGGRESSIVE;
				GCC_WARN_UNUSED_FUNCTION = YES;
				GCC_WARN_UNUSED_VARIABLE = YES;
				IPHONEOS_DEPLOYMENT_TARGET = 16.4;
				MTL_ENABLE_DEBUG_INFO = NO;
				MTL_FAST_MATH = YES;
				SDKROOT = iphoneos;
				SWIFT_COMPILATION_MODE = wholemodule;
				SWIFT_OPTIMIZATION_LEVEL = "-O";
				VALIDATE_PRODUCT = YES;
			};
			name = Release;
		};
		84EB16CF2A8561B5004276EA /* Debug */ = {
			isa = XCBuildConfiguration;
			buildSettings = {
				ASSETCATALOG_COMPILER_APPICON_NAME = AppIcon;
				ASSETCATALOG_COMPILER_GLOBAL_ACCENT_COLOR_NAME = AccentColor;
				CODE_SIGN_STYLE = Automatic;
				CURRENT_PROJECT_VERSION = 1;
				DEVELOPMENT_TEAM = L6J98N24BF;
				GENERATE_INFOPLIST_FILE = YES;
				INFOPLIST_FILE = quiz/Info.plist;
				INFOPLIST_KEY_LSApplicationCategoryType = "public.app-category.games";
				INFOPLIST_KEY_UIApplicationSupportsIndirectInputEvents = YES;
				INFOPLIST_KEY_UILaunchStoryboardName = LaunchScreen;
				INFOPLIST_KEY_UIMainStoryboardFile = Main;
				INFOPLIST_KEY_UISupportedInterfaceOrientations_iPad = "UIInterfaceOrientationPortrait UIInterfaceOrientationPortraitUpsideDown UIInterfaceOrientationLandscapeLeft UIInterfaceOrientationLandscapeRight";
				INFOPLIST_KEY_UISupportedInterfaceOrientations_iPhone = "UIInterfaceOrientationPortrait UIInterfaceOrientationLandscapeLeft UIInterfaceOrientationLandscapeRight";
				LD_RUNPATH_SEARCH_PATHS = (
					"$(inherited)",
					"@executable_path/Frameworks",
				);
				MARKETING_VERSION = 1.0;
				PRODUCT_BUNDLE_IDENTIFIER = ignacio.quiz;
				PRODUCT_NAME = "$(TARGET_NAME)";
				SWIFT_EMIT_LOC_STRINGS = YES;
				SWIFT_VERSION = 5.0;
				TARGETED_DEVICE_FAMILY = "1,2";
			};
			name = Debug;
		};
		84EB16D02A8561B5004276EA /* Release */ = {
			isa = XCBuildConfiguration;
			buildSettings = {
				ASSETCATALOG_COMPILER_APPICON_NAME = AppIcon;
				ASSETCATALOG_COMPILER_GLOBAL_ACCENT_COLOR_NAME = AccentColor;
				CODE_SIGN_STYLE = Automatic;
				CURRENT_PROJECT_VERSION = 1;
				DEVELOPMENT_TEAM = L6J98N24BF;
				GENERATE_INFOPLIST_FILE = YES;
				INFOPLIST_FILE = quiz/Info.plist;
				INFOPLIST_KEY_LSApplicationCategoryType = "public.app-category.games";
				INFOPLIST_KEY_UIApplicationSupportsIndirectInputEvents = YES;
				INFOPLIST_KEY_UILaunchStoryboardName = LaunchScreen;
				INFOPLIST_KEY_UIMainStoryboardFile = Main;
				INFOPLIST_KEY_UISupportedInterfaceOrientations_iPad = "UIInterfaceOrientationPortrait UIInterfaceOrientationPortraitUpsideDown UIInterfaceOrientationLandscapeLeft UIInterfaceOrientationLandscapeRight";
				INFOPLIST_KEY_UISupportedInterfaceOrientations_iPhone = "UIInterfaceOrientationPortrait UIInterfaceOrientationLandscapeLeft UIInterfaceOrientationLandscapeRight";
				LD_RUNPATH_SEARCH_PATHS = (
					"$(inherited)",
					"@executable_path/Frameworks",
				);
				MARKETING_VERSION = 1.0;
				PRODUCT_BUNDLE_IDENTIFIER = ignacio.quiz;
				PRODUCT_NAME = "$(TARGET_NAME)";
				SWIFT_EMIT_LOC_STRINGS = YES;
				SWIFT_VERSION = 5.0;
				TARGETED_DEVICE_FAMILY = "1,2";
			};
			name = Release;
		};
/* End XCBuildConfiguration section */

/* Begin XCConfigurationList section */
		84EB16B52A8561B3004276EA /* Build configuration list for PBXProject "quiz" */ = {
			isa = XCConfigurationList;
			buildConfigurations = (
				84EB16CC2A8561B5004276EA /* Debug */,
				84EB16CD2A8561B5004276EA /* Release */,
			);
			defaultConfigurationIsVisible = 0;
			defaultConfigurationName = Release;
		};
		84EB16CE2A8561B5004276EA /* Build configuration list for PBXNativeTarget "quiz" */ = {
			isa = XCConfigurationList;
			buildConfigurations = (
				84EB16CF2A8561B5004276EA /* Debug */,
				84EB16D02A8561B5004276EA /* Release */,
			);
			defaultConfigurationIsVisible = 0;
			defaultConfigurationName = Release;
		};
/* End XCConfigurationList section */
	};
	rootObject = 84EB16B22A8561B3004276EA /* Project object */;
}
